
Microsoft Visual Studio Solution File, Format Version 12.00
# Visual Studio Version 16
VisualStudioVersion = 16.0.30523.141
MinimumVisualStudioVersion = 10.0.40219.1
Project("{2150E333-8FDC-42A3-9474-1A3956D46DE8}") = "Solution Items", "Solution Items", "{F1C8F93A-5C84-452F-A785-76B8169FF124}"
	ProjectSection(SolutionItems) = preProject
		README.md = README.md
	EndProjectSection
EndProject
Project("{FAE04EC0-301F-11D3-BF4B-00C04F79EFBC}") = "UnitTest", "test\UnitTest\UnitTest.csproj", "{CC7AEF24-D6FF-4A51-AD52-02952089B8EA}"
EndProject
Project("{FAE04EC0-301F-11D3-BF4B-00C04F79EFBC}") = "SampleApplication", "test\SampleApplication\SampleApplication.csproj", "{BA240239-7D18-4347-9AB8-9559A134BD3A}"
EndProject
Project("{9A19103F-16F7-4668-BE54-9A1E7A4F7556}") = "DotNetClientApi", "src\DotNetClientApi\DotNetClientApi.csproj", "{222E27E8-C20F-4681-A355-B7438F550186}"
EndProject
Global
	GlobalSection(SolutionConfigurationPlatforms) = preSolution
		Debug|Any CPU = Debug|Any CPU
		Release|Any CPU = Release|Any CPU
	EndGlobalSection
	GlobalSection(ProjectConfigurationPlatforms) = postSolution
		{CC7AEF24-D6FF-4A51-AD52-02952089B8EA}.Debug|Any CPU.ActiveCfg = Debug|Any CPU
		{CC7AEF24-D6FF-4A51-AD52-02952089B8EA}.Debug|Any CPU.Build.0 = Debug|Any CPU
		{CC7AEF24-D6FF-4A51-AD52-02952089B8EA}.Release|Any CPU.ActiveCfg = Release|Any CPU
		{CC7AEF24-D6FF-4A51-AD52-02952089B8EA}.Release|Any CPU.Build.0 = Release|Any CPU
		{BA240239-7D18-4347-9AB8-9559A134BD3A}.Debug|Any CPU.ActiveCfg = Debug|Any CPU
		{BA240239-7D18-4347-9AB8-9559A134BD3A}.Debug|Any CPU.Build.0 = Debug|Any CPU
		{BA240239-7D18-4347-9AB8-9559A134BD3A}.Release|Any CPU.ActiveCfg = Release|Any CPU
		{BA240239-7D18-4347-9AB8-9559A134BD3A}.Release|Any CPU.Build.0 = Release|Any CPU
		{222E27E8-C20F-4681-A355-B7438F550186}.Debug|Any CPU.ActiveCfg = Debug|Any CPU
		{222E27E8-C20F-4681-A355-B7438F550186}.Debug|Any CPU.Build.0 = Debug|Any CPU
		{222E27E8-C20F-4681-A355-B7438F550186}.Release|Any CPU.ActiveCfg = Release|Any CPU
		{222E27E8-C20F-4681-A355-B7438F550186}.Release|Any CPU.Build.0 = Release|Any CPU
	EndGlobalSection
	GlobalSection(SolutionProperties) = preSolution
		HideSolutionNode = FALSE
	EndGlobalSection
	GlobalSection(ExtensibilityGlobals) = postSolution
		SolutionGuid = {08BC0461-C309-4FC4-AF0C-E236581EA87D}
	EndGlobalSection
EndGlobal
