
Microsoft Visual Studio Solution File, Format Version 12.00
# Visual Studio 2013
VisualStudioVersion = 12.0.30723.0
MinimumVisualStudioVersion = 10.0.40219.1
Project("{FAE04EC0-301F-11D3-BF4B-00C04F79EFBC}") = "DotNetClientApi", "DotNetClientApi\DotNetClientApi.csproj", "{A2CE60F9-29DA-4B62-8641-FA94F7648277}"
EndProject
Project("{FAE04EC0-301F-11D3-BF4B-00C04F79EFBC}") = "UnitTest", "UnitTest\UnitTest.csproj", "{CC7AEF24-D6FF-4A51-AD52-02952089B8EA}"
EndProject
Project("{FAE04EC0-301F-11D3-BF4B-00C04F79EFBC}") = "SampleApplication", "SampleApplication\SampleApplication.csproj", "{BA240239-7D18-4347-9AB8-9559A134BD3A}"
EndProject
Project("{2150E333-8FDC-42A3-9474-1A3956D46DE8}") = "Solution Items", "Solution Items", "{F1C8F93A-5C84-452F-A785-76B8169FF124}"
	ProjectSection(SolutionItems) = preProject
		..\README.md = ..\README.md
	EndProjectSection
EndProject
Global
	GlobalSection(SolutionConfigurationPlatforms) = preSolution
		Debug|Any CPU = Debug|Any CPU
		Release|Any CPU = Release|Any CPU
	EndGlobalSection
	GlobalSection(ProjectConfigurationPlatforms) = postSolution
		{A2CE60F9-29DA-4B62-8641-FA94F7648277}.Debug|Any CPU.ActiveCfg = Debug|Any CPU
		{A2CE60F9-29DA-4B62-8641-FA94F7648277}.Debug|Any CPU.Build.0 = Debug|Any CPU
		{A2CE60F9-29DA-4B62-8641-FA94F7648277}.Release|Any CPU.ActiveCfg = Release|Any CPU
		{A2CE60F9-29DA-4B62-8641-FA94F7648277}.Release|Any CPU.Build.0 = Release|Any CPU
		{CC7AEF24-D6FF-4A51-AD52-02952089B8EA}.Debug|Any CPU.ActiveCfg = Debug|Any CPU
		{CC7AEF24-D6FF-4A51-AD52-02952089B8EA}.Debug|Any CPU.Build.0 = Debug|Any CPU
		{CC7AEF24-D6FF-4A51-AD52-02952089B8EA}.Release|Any CPU.ActiveCfg = Release|Any CPU
		{CC7AEF24-D6FF-4A51-AD52-02952089B8EA}.Release|Any CPU.Build.0 = Release|Any CPU
		{BA240239-7D18-4347-9AB8-9559A134BD3A}.Debug|Any CPU.ActiveCfg = Debug|Any CPU
		{BA240239-7D18-4347-9AB8-9559A134BD3A}.Debug|Any CPU.Build.0 = Debug|Any CPU
		{BA240239-7D18-4347-9AB8-9559A134BD3A}.Release|Any CPU.ActiveCfg = Release|Any CPU
		{BA240239-7D18-4347-9AB8-9559A134BD3A}.Release|Any CPU.Build.0 = Release|Any CPU
	EndGlobalSection
	GlobalSection(SolutionProperties) = preSolution
		HideSolutionNode = FALSE
	EndGlobalSection
EndGlobal
